// !$*UTF8*$!
{
	archiveVersion = 1;
	classes = {
	};
	objectVersion = 50;
	objects = {

/* Begin PBXBuildFile section */
		1F5CA1AA0AA28BA1A30F0591 /* Pods_CallVideoOneToOneVCTests.framework in Frameworks */ = {isa = PBXBuildFile; fileRef = 50B655BEE95E9F90CF1C9B33 /* Pods_CallVideoOneToOneVCTests.framework */; };
		7AA16054277A98A1A2EF4274 /* Pods_CallVideoOneToOneVC.framework in Frameworks */ = {isa = PBXBuildFile; fileRef = 4C2F61DF5BCD13CFA549E475 /* Pods_CallVideoOneToOneVC.framework */; };
		BACDB0062355DE6D004746C2 /* AppDelegate.m in Sources */ = {isa = PBXBuildFile; fileRef = BACDB0052355DE6D004746C2 /* AppDelegate.m */; };
		BACDB0092355DE6D004746C2 /* ViewController.m in Sources */ = {isa = PBXBuildFile; fileRef = BACDB0082355DE6D004746C2 /* ViewController.m */; };
		BACDB00C2355DE6D004746C2 /* Main.storyboard in Resources */ = {isa = PBXBuildFile; fileRef = BACDB00A2355DE6D004746C2 /* Main.storyboard */; };
		BACDB00E2355DE6E004746C2 /* Assets.xcassets in Resources */ = {isa = PBXBuildFile; fileRef = BACDB00D2355DE6E004746C2 /* Assets.xcassets */; };
		BACDB0112355DE6E004746C2 /* LaunchScreen.storyboard in Resources */ = {isa = PBXBuildFile; fileRef = BACDB00F2355DE6E004746C2 /* LaunchScreen.storyboard */; };
		BACDB0142355DE6E004746C2 /* main.m in Sources */ = {isa = PBXBuildFile; fileRef = BACDB0132355DE6E004746C2 /* main.m */; };
		BACDB01E2355DE6E004746C2 /* CallVideoOneToOneVCTests.m in Sources */ = {isa = PBXBuildFile; fileRef = BACDB01D2355DE6E004746C2 /* CallVideoOneToOneVCTests.m */; };
		BACDB0292355DE6E004746C2 /* CallVideoOneToOneVCUITests.m in Sources */ = {isa = PBXBuildFile; fileRef = BACDB0282355DE6E004746C2 /* CallVideoOneToOneVCUITests.m */; };
		BAE393D52355E10F0010764E /* MainViewController.xib in Resources */ = {isa = PBXBuildFile; fileRef = BAE393C62355E10E0010764E /* MainViewController.xib */; };
		BAE393D62355E10F0010764E /* MainViewController.m in Sources */ = {isa = PBXBuildFile; fileRef = BAE393C72355E10E0010764E /* MainViewController.m */; };
		BAE393D72355E10F0010764E /* InstanceManager.m in Sources */ = {isa = PBXBuildFile; fileRef = BAE393C92355E10E0010764E /* InstanceManager.m */; };
		BAE393D82355E10F0010764E /* main.m in Sources */ = {isa = PBXBuildFile; fileRef = BAE393CB2355E10E0010764E /* main.m */; };
		BAE393D92355E10F0010764E /* StringeeImplement.m in Sources */ = {isa = PBXBuildFile; fileRef = BAE393CD2355E10E0010764E /* StringeeImplement.m */; };
		BAE393DA2355E10F0010764E /* busy_signal.mp3 in Resources */ = {isa = PBXBuildFile; fileRef = BAE393CF2355E10F0010764E /* busy_signal.mp3 */; };
		BAE393DB2355E10F0010764E /* keypad_sound.mp3 in Resources */ = {isa = PBXBuildFile; fileRef = BAE393D02355E10F0010764E /* keypad_sound.mp3 */; };
		BAE393DC2355E10F0010764E /* outgoing_tone.mp3 in Resources */ = {isa = PBXBuildFile; fileRef = BAE393D12355E10F0010764E /* outgoing_tone.mp3 */; };
		BAE393DD2355E10F0010764E /* end_call_tututu.caf in Resources */ = {isa = PBXBuildFile; fileRef = BAE393D22355E10F0010764E /* end_call_tututu.caf */; };
		BAE393DE2355E10F0010764E /* sencha_ios_7.mp3 in Resources */ = {isa = PBXBuildFile; fileRef = BAE393D32355E10F0010764E /* sencha_ios_7.mp3 */; };
		BAE393DF2355E10F0010764E /* callring.wav in Resources */ = {isa = PBXBuildFile; fileRef = BAE393D42355E10F0010764E /* callring.wav */; };
		BAE393E82355E1350010764E /* CallingViewController.xib in Resources */ = {isa = PBXBuildFile; fileRef = BAE393E12355E1340010764E /* CallingViewController.xib */; };
		BAE393E92355E1350010764E /* CallingViewController.m in Sources */ = {isa = PBXBuildFile; fileRef = BAE393E32355E1340010764E /* CallingViewController.m */; };
		BAE393EA2355E1350010764E /* CallPadViewController.m in Sources */ = {isa = PBXBuildFile; fileRef = BAE393E52355E1340010764E /* CallPadViewController.m */; };
		BAE393EB2355E1350010764E /* CallPadViewController.xib in Resources */ = {isa = PBXBuildFile; fileRef = BAE393E72355E1340010764E /* CallPadViewController.xib */; };
		BAE394222355E8430010764E /* CallVideoOneToOneVC.podspec in Resources */ = {isa = PBXBuildFile; fileRef = BAE394212355E8430010764E /* CallVideoOneToOneVC.podspec */; };
		EAC3F6456CD57CC03C740AD2 /* Pods_CallVideoOneToOneVCUITests.framework in Frameworks */ = {isa = PBXBuildFile; fileRef = 1083AD1006EB3AFCDA5CE1F1 /* Pods_CallVideoOneToOneVCUITests.framework */; };
/* End PBXBuildFile section */

/* Begin PBXContainerItemProxy section */
		BACDB01A2355DE6E004746C2 /* PBXContainerItemProxy */ = {
			isa = PBXContainerItemProxy;
			containerPortal = BACDAFF92355DE6D004746C2 /* Project object */;
			proxyType = 1;
			remoteGlobalIDString = BACDB0002355DE6D004746C2;
			remoteInfo = CallVideoOneToOneVC;
		};
		BACDB0252355DE6E004746C2 /* PBXContainerItemProxy */ = {
			isa = PBXContainerItemProxy;
			containerPortal = BACDAFF92355DE6D004746C2 /* Project object */;
			proxyType = 1;
			remoteGlobalIDString = BACDB0002355DE6D004746C2;
			remoteInfo = CallVideoOneToOneVC;
		};
/* End PBXContainerItemProxy section */

/* Begin PBXFileReference section */
		1083AD1006EB3AFCDA5CE1F1 /* Pods_CallVideoOneToOneVCUITests.framework */ = {isa = PBXFileReference; explicitFileType = wrapper.framework; includeInIndex = 0; path = Pods_CallVideoOneToOneVCUITests.framework; sourceTree = BUILT_PRODUCTS_DIR; };
		4C2F61DF5BCD13CFA549E475 /* Pods_CallVideoOneToOneVC.framework */ = {isa = PBXFileReference; explicitFileType = wrapper.framework; includeInIndex = 0; path = Pods_CallVideoOneToOneVC.framework; sourceTree = BUILT_PRODUCTS_DIR; };
		50B655BEE95E9F90CF1C9B33 /* Pods_CallVideoOneToOneVCTests.framework */ = {isa = PBXFileReference; explicitFileType = wrapper.framework; includeInIndex = 0; path = Pods_CallVideoOneToOneVCTests.framework; sourceTree = BUILT_PRODUCTS_DIR; };
		5B92D891A6EA036A736E0952 /* Pods-CallVideoOneToOneVCTests.debug.xcconfig */ = {isa = PBXFileReference; includeInIndex = 1; lastKnownFileType = text.xcconfig; name = "Pods-CallVideoOneToOneVCTests.debug.xcconfig"; path = "Target Support Files/Pods-CallVideoOneToOneVCTests/Pods-CallVideoOneToOneVCTests.debug.xcconfig"; sourceTree = "<group>"; };
		704855022CCB4DA7E5697C68 /* Pods-CallVideoOneToOneVCUITests.debug.xcconfig */ = {isa = PBXFileReference; includeInIndex = 1; lastKnownFileType = text.xcconfig; name = "Pods-CallVideoOneToOneVCUITests.debug.xcconfig"; path = "Target Support Files/Pods-CallVideoOneToOneVCUITests/Pods-CallVideoOneToOneVCUITests.debug.xcconfig"; sourceTree = "<group>"; };
		97E1DE672F0F588845E3340E /* Pods-CallVideoOneToOneVCTests.release.xcconfig */ = {isa = PBXFileReference; includeInIndex = 1; lastKnownFileType = text.xcconfig; name = "Pods-CallVideoOneToOneVCTests.release.xcconfig"; path = "Target Support Files/Pods-CallVideoOneToOneVCTests/Pods-CallVideoOneToOneVCTests.release.xcconfig"; sourceTree = "<group>"; };
		BACDB0012355DE6D004746C2 /* CallVideoOneToOneVC.app */ = {isa = PBXFileReference; explicitFileType = wrapper.application; includeInIndex = 0; path = CallVideoOneToOneVC.app; sourceTree = BUILT_PRODUCTS_DIR; };
		BACDB0042355DE6D004746C2 /* AppDelegate.h */ = {isa = PBXFileReference; lastKnownFileType = sourcecode.c.h; path = AppDelegate.h; sourceTree = "<group>"; };
		BACDB0052355DE6D004746C2 /* AppDelegate.m */ = {isa = PBXFileReference; lastKnownFileType = sourcecode.c.objc; path = AppDelegate.m; sourceTree = "<group>"; };
		BACDB0072355DE6D004746C2 /* ViewController.h */ = {isa = PBXFileReference; lastKnownFileType = sourcecode.c.h; path = ViewController.h; sourceTree = "<group>"; };
		BACDB0082355DE6D004746C2 /* ViewController.m */ = {isa = PBXFileReference; lastKnownFileType = sourcecode.c.objc; path = ViewController.m; sourceTree = "<group>"; };
		BACDB00B2355DE6D004746C2 /* Base */ = {isa = PBXFileReference; lastKnownFileType = file.storyboard; name = Base; path = Base.lproj/Main.storyboard; sourceTree = "<group>"; };
		BACDB00D2355DE6E004746C2 /* Assets.xcassets */ = {isa = PBXFileReference; lastKnownFileType = folder.assetcatalog; path = Assets.xcassets; sourceTree = "<group>"; };
		BACDB0102355DE6E004746C2 /* Base */ = {isa = PBXFileReference; lastKnownFileType = file.storyboard; name = Base; path = Base.lproj/LaunchScreen.storyboard; sourceTree = "<group>"; };
		BACDB0122355DE6E004746C2 /* Info.plist */ = {isa = PBXFileReference; lastKnownFileType = text.plist.xml; path = Info.plist; sourceTree = "<group>"; };
		BACDB0132355DE6E004746C2 /* main.m */ = {isa = PBXFileReference; lastKnownFileType = sourcecode.c.objc; path = main.m; sourceTree = "<group>"; };
		BACDB0192355DE6E004746C2 /* CallVideoOneToOneVCTests.xctest */ = {isa = PBXFileReference; explicitFileType = wrapper.cfbundle; includeInIndex = 0; path = CallVideoOneToOneVCTests.xctest; sourceTree = BUILT_PRODUCTS_DIR; };
		BACDB01D2355DE6E004746C2 /* CallVideoOneToOneVCTests.m */ = {isa = PBXFileReference; lastKnownFileType = sourcecode.c.objc; path = CallVideoOneToOneVCTests.m; sourceTree = "<group>"; };
		BACDB01F2355DE6E004746C2 /* Info.plist */ = {isa = PBXFileReference; lastKnownFileType = text.plist.xml; path = Info.plist; sourceTree = "<group>"; };
		BACDB0242355DE6E004746C2 /* CallVideoOneToOneVCUITests.xctest */ = {isa = PBXFileReference; explicitFileType = wrapper.cfbundle; includeInIndex = 0; path = CallVideoOneToOneVCUITests.xctest; sourceTree = BUILT_PRODUCTS_DIR; };
		BACDB0282355DE6E004746C2 /* CallVideoOneToOneVCUITests.m */ = {isa = PBXFileReference; lastKnownFileType = sourcecode.c.objc; path = CallVideoOneToOneVCUITests.m; sourceTree = "<group>"; };
		BACDB02A2355DE6E004746C2 /* Info.plist */ = {isa = PBXFileReference; lastKnownFileType = text.plist.xml; path = Info.plist; sourceTree = "<group>"; };
		BAE393C62355E10E0010764E /* MainViewController.xib */ = {isa = PBXFileReference; fileEncoding = 4; lastKnownFileType = file.xib; path = MainViewController.xib; sourceTree = "<group>"; };
		BAE393C72355E10E0010764E /* MainViewController.m */ = {isa = PBXFileReference; fileEncoding = 4; lastKnownFileType = sourcecode.c.objc; path = MainViewController.m; sourceTree = "<group>"; };
		BAE393C82355E10E0010764E /* MainViewController.h */ = {isa = PBXFileReference; fileEncoding = 4; lastKnownFileType = sourcecode.c.h; path = MainViewController.h; sourceTree = "<group>"; };
		BAE393C92355E10E0010764E /* InstanceManager.m */ = {isa = PBXFileReference; fileEncoding = 4; lastKnownFileType = sourcecode.c.objc; path = InstanceManager.m; sourceTree = "<group>"; };
		BAE393CA2355E10E0010764E /* InstanceManager.h */ = {isa = PBXFileReference; fileEncoding = 4; lastKnownFileType = sourcecode.c.h; path = InstanceManager.h; sourceTree = "<group>"; };
		BAE393CB2355E10E0010764E /* main.m */ = {isa = PBXFileReference; fileEncoding = 4; lastKnownFileType = sourcecode.c.objc; path = main.m; sourceTree = "<group>"; };
		BAE393CC2355E10E0010764E /* StringeeImplement.h */ = {isa = PBXFileReference; fileEncoding = 4; lastKnownFileType = sourcecode.c.h; path = StringeeImplement.h; sourceTree = "<group>"; };
		BAE393CD2355E10E0010764E /* StringeeImplement.m */ = {isa = PBXFileReference; fileEncoding = 4; lastKnownFileType = sourcecode.c.objc; path = StringeeImplement.m; sourceTree = "<group>"; };
		BAE393CF2355E10F0010764E /* busy_signal.mp3 */ = {isa = PBXFileReference; lastKnownFileType = audio.mp3; path = busy_signal.mp3; sourceTree = "<group>"; };
		BAE393D02355E10F0010764E /* keypad_sound.mp3 */ = {isa = PBXFileReference; lastKnownFileType = audio.mp3; path = keypad_sound.mp3; sourceTree = "<group>"; };
		BAE393D12355E10F0010764E /* outgoing_tone.mp3 */ = {isa = PBXFileReference; lastKnownFileType = audio.mp3; path = outgoing_tone.mp3; sourceTree = "<group>"; };
		BAE393D22355E10F0010764E /* end_call_tututu.caf */ = {isa = PBXFileReference; lastKnownFileType = file; path = end_call_tututu.caf; sourceTree = "<group>"; };
		BAE393D32355E10F0010764E /* sencha_ios_7.mp3 */ = {isa = PBXFileReference; lastKnownFileType = audio.mp3; path = sencha_ios_7.mp3; sourceTree = "<group>"; };
		BAE393D42355E10F0010764E /* callring.wav */ = {isa = PBXFileReference; lastKnownFileType = audio.wav; path = callring.wav; sourceTree = "<group>"; };
		BAE393E12355E1340010764E /* CallingViewController.xib */ = {isa = PBXFileReference; fileEncoding = 4; lastKnownFileType = file.xib; path = CallingViewController.xib; sourceTree = "<group>"; };
		BAE393E22355E1340010764E /* CallingViewController.h */ = {isa = PBXFileReference; fileEncoding = 4; lastKnownFileType = sourcecode.c.h; path = CallingViewController.h; sourceTree = "<group>"; };
		BAE393E32355E1340010764E /* CallingViewController.m */ = {isa = PBXFileReference; fileEncoding = 4; lastKnownFileType = sourcecode.c.objc; path = CallingViewController.m; sourceTree = "<group>"; };
		BAE393E52355E1340010764E /* CallPadViewController.m */ = {isa = PBXFileReference; fileEncoding = 4; lastKnownFileType = sourcecode.c.objc; path = CallPadViewController.m; sourceTree = "<group>"; };
		BAE393E62355E1340010764E /* CallPadViewController.h */ = {isa = PBXFileReference; fileEncoding = 4; lastKnownFileType = sourcecode.c.h; path = CallPadViewController.h; sourceTree = "<group>"; };
		BAE393E72355E1340010764E /* CallPadViewController.xib */ = {isa = PBXFileReference; fileEncoding = 4; lastKnownFileType = file.xib; path = CallPadViewController.xib; sourceTree = "<group>"; };
		BAE394212355E8430010764E /* CallVideoOneToOneVC.podspec */ = {isa = PBXFileReference; fileEncoding = 4; lastKnownFileType = text; path = CallVideoOneToOneVC.podspec; sourceTree = "<group>"; };
		CFC28319D4329B26E4EF767F /* Pods-CallVideoOneToOneVC.release.xcconfig */ = {isa = PBXFileReference; includeInIndex = 1; lastKnownFileType = text.xcconfig; name = "Pods-CallVideoOneToOneVC.release.xcconfig"; path = "Target Support Files/Pods-CallVideoOneToOneVC/Pods-CallVideoOneToOneVC.release.xcconfig"; sourceTree = "<group>"; };
		E8A2E3DD4A37AAADC8A8FE00 /* Pods-CallVideoOneToOneVC.debug.xcconfig */ = {isa = PBXFileReference; includeInIndex = 1; lastKnownFileType = text.xcconfig; name = "Pods-CallVideoOneToOneVC.debug.xcconfig"; path = "Target Support Files/Pods-CallVideoOneToOneVC/Pods-CallVideoOneToOneVC.debug.xcconfig"; sourceTree = "<group>"; };
		FBA05DD4988485A5BEA09045 /* Pods-CallVideoOneToOneVCUITests.release.xcconfig */ = {isa = PBXFileReference; includeInIndex = 1; lastKnownFileType = text.xcconfig; name = "Pods-CallVideoOneToOneVCUITests.release.xcconfig"; path = "Target Support Files/Pods-CallVideoOneToOneVCUITests/Pods-CallVideoOneToOneVCUITests.release.xcconfig"; sourceTree = "<group>"; };
/* End PBXFileReference section */

/* Begin PBXFrameworksBuildPhase section */
		BACDAFFE2355DE6D004746C2 /* Frameworks */ = {
			isa = PBXFrameworksBuildPhase;
			buildActionMask = 2147483647;
			files = (
				7AA16054277A98A1A2EF4274 /* Pods_CallVideoOneToOneVC.framework in Frameworks */,
			);
			runOnlyForDeploymentPostprocessing = 0;
		};
		BACDB0162355DE6E004746C2 /* Frameworks */ = {
			isa = PBXFrameworksBuildPhase;
			buildActionMask = 2147483647;
			files = (
				1F5CA1AA0AA28BA1A30F0591 /* Pods_CallVideoOneToOneVCTests.framework in Frameworks */,
			);
			runOnlyForDeploymentPostprocessing = 0;
		};
		BACDB0212355DE6E004746C2 /* Frameworks */ = {
			isa = PBXFrameworksBuildPhase;
			buildActionMask = 2147483647;
			files = (
				EAC3F6456CD57CC03C740AD2 /* Pods_CallVideoOneToOneVCUITests.framework in Frameworks */,
			);
			runOnlyForDeploymentPostprocessing = 0;
		};
/* End PBXFrameworksBuildPhase section */

/* Begin PBXGroup section */
		31621E04795A923C71B11484 /* Pods */ = {
			isa = PBXGroup;
			children = (
				E8A2E3DD4A37AAADC8A8FE00 /* Pods-CallVideoOneToOneVC.debug.xcconfig */,
				CFC28319D4329B26E4EF767F /* Pods-CallVideoOneToOneVC.release.xcconfig */,
				5B92D891A6EA036A736E0952 /* Pods-CallVideoOneToOneVCTests.debug.xcconfig */,
				97E1DE672F0F588845E3340E /* Pods-CallVideoOneToOneVCTests.release.xcconfig */,
				704855022CCB4DA7E5697C68 /* Pods-CallVideoOneToOneVCUITests.debug.xcconfig */,
				FBA05DD4988485A5BEA09045 /* Pods-CallVideoOneToOneVCUITests.release.xcconfig */,
			);
			path = Pods;
			sourceTree = "<group>";
		};
		949299486F7F5F48AF8DD680 /* Frameworks */ = {
			isa = PBXGroup;
			children = (
				4C2F61DF5BCD13CFA549E475 /* Pods_CallVideoOneToOneVC.framework */,
				50B655BEE95E9F90CF1C9B33 /* Pods_CallVideoOneToOneVCTests.framework */,
				1083AD1006EB3AFCDA5CE1F1 /* Pods_CallVideoOneToOneVCUITests.framework */,
			);
			name = Frameworks;
			sourceTree = "<group>";
		};
		BACDAFF82355DE6D004746C2 = {
			isa = PBXGroup;
			children = (
				BACDB0032355DE6D004746C2 /* CallVideoOneToOneVC */,
				BACDB01C2355DE6E004746C2 /* CallVideoOneToOneVCTests */,
				BACDB0272355DE6E004746C2 /* CallVideoOneToOneVCUITests */,
				BACDB0022355DE6D004746C2 /* Products */,
				31621E04795A923C71B11484 /* Pods */,
				949299486F7F5F48AF8DD680 /* Frameworks */,
			);
			sourceTree = "<group>";
		};
		BACDB0022355DE6D004746C2 /* Products */ = {
			isa = PBXGroup;
			children = (
				BACDB0012355DE6D004746C2 /* CallVideoOneToOneVC.app */,
				BACDB0192355DE6E004746C2 /* CallVideoOneToOneVCTests.xctest */,
				BACDB0242355DE6E004746C2 /* CallVideoOneToOneVCUITests.xctest */,
			);
			name = Products;
			sourceTree = "<group>";
		};
		BACDB0032355DE6D004746C2 /* CallVideoOneToOneVC */ = {
			isa = PBXGroup;
			children = (
				BAE394212355E8430010764E /* CallVideoOneToOneVC.podspec */,
				BAE393E02355E1340010764E /* CallingVC */,
				BAE393E42355E1340010764E /* CallPadVC */,
				BAE393CA2355E10E0010764E /* InstanceManager.h */,
				BAE393C92355E10E0010764E /* InstanceManager.m */,
				BAE393CB2355E10E0010764E /* main.m */,
				BAE393C52355E10E0010764E /* MainViewController */,
				BAE393CE2355E10F0010764E /* Resources */,
				BAE393CC2355E10E0010764E /* StringeeImplement.h */,
				BAE393CD2355E10E0010764E /* StringeeImplement.m */,
				BACDB0042355DE6D004746C2 /* AppDelegate.h */,
				BACDB0052355DE6D004746C2 /* AppDelegate.m */,
				BACDB0072355DE6D004746C2 /* ViewController.h */,
				BACDB0082355DE6D004746C2 /* ViewController.m */,
				BACDB00A2355DE6D004746C2 /* Main.storyboard */,
				BACDB00D2355DE6E004746C2 /* Assets.xcassets */,
				BACDB00F2355DE6E004746C2 /* LaunchScreen.storyboard */,
				BACDB0122355DE6E004746C2 /* Info.plist */,
				BACDB0132355DE6E004746C2 /* main.m */,
			);
			path = CallVideoOneToOneVC;
			sourceTree = "<group>";
		};
		BACDB01C2355DE6E004746C2 /* CallVideoOneToOneVCTests */ = {
			isa = PBXGroup;
			children = (
				BACDB01D2355DE6E004746C2 /* CallVideoOneToOneVCTests.m */,
				BACDB01F2355DE6E004746C2 /* Info.plist */,
			);
			path = CallVideoOneToOneVCTests;
			sourceTree = "<group>";
		};
		BACDB0272355DE6E004746C2 /* CallVideoOneToOneVCUITests */ = {
			isa = PBXGroup;
			children = (
				BACDB0282355DE6E004746C2 /* CallVideoOneToOneVCUITests.m */,
				BACDB02A2355DE6E004746C2 /* Info.plist */,
			);
			path = CallVideoOneToOneVCUITests;
			sourceTree = "<group>";
		};
		BAE393C52355E10E0010764E /* MainViewController */ = {
			isa = PBXGroup;
			children = (
				BAE393C62355E10E0010764E /* MainViewController.xib */,
				BAE393C72355E10E0010764E /* MainViewController.m */,
				BAE393C82355E10E0010764E /* MainViewController.h */,
			);
			path = MainViewController;
			sourceTree = "<group>";
		};
		BAE393CE2355E10F0010764E /* Resources */ = {
			isa = PBXGroup;
			children = (
				BAE393CF2355E10F0010764E /* busy_signal.mp3 */,
				BAE393D02355E10F0010764E /* keypad_sound.mp3 */,
				BAE393D12355E10F0010764E /* outgoing_tone.mp3 */,
				BAE393D22355E10F0010764E /* end_call_tututu.caf */,
				BAE393D32355E10F0010764E /* sencha_ios_7.mp3 */,
				BAE393D42355E10F0010764E /* callring.wav */,
			);
			path = Resources;
			sourceTree = "<group>";
		};
		BAE393E02355E1340010764E /* CallingVC */ = {
			isa = PBXGroup;
			children = (
				BAE393E12355E1340010764E /* CallingViewController.xib */,
				BAE393E22355E1340010764E /* CallingViewController.h */,
				BAE393E32355E1340010764E /* CallingViewController.m */,
			);
			path = CallingVC;
			sourceTree = "<group>";
		};
		BAE393E42355E1340010764E /* CallPadVC */ = {
			isa = PBXGroup;
			children = (
				BAE393E52355E1340010764E /* CallPadViewController.m */,
				BAE393E62355E1340010764E /* CallPadViewController.h */,
				BAE393E72355E1340010764E /* CallPadViewController.xib */,
			);
			path = CallPadVC;
			sourceTree = "<group>";
		};
/* End PBXGroup section */

/* Begin PBXNativeTarget section */
		BACDB0002355DE6D004746C2 /* CallVideoOneToOneVC */ = {
			isa = PBXNativeTarget;
			buildConfigurationList = BACDB02D2355DE6E004746C2 /* Build configuration list for PBXNativeTarget "CallVideoOneToOneVC" */;
			buildPhases = (
				1235101BB75A1ED9FE86E35C /* [CP] Check Pods Manifest.lock */,
				BACDAFFD2355DE6D004746C2 /* Sources */,
				BACDAFFE2355DE6D004746C2 /* Frameworks */,
				BACDAFFF2355DE6D004746C2 /* Resources */,
			);
			buildRules = (
			);
			dependencies = (
			);
			name = CallVideoOneToOneVC;
			productName = CallVideoOneToOneVC;
			productReference = BACDB0012355DE6D004746C2 /* CallVideoOneToOneVC.app */;
			productType = "com.apple.product-type.application";
		};
		BACDB0182355DE6E004746C2 /* CallVideoOneToOneVCTests */ = {
			isa = PBXNativeTarget;
			buildConfigurationList = BACDB0302355DE6E004746C2 /* Build configuration list for PBXNativeTarget "CallVideoOneToOneVCTests" */;
			buildPhases = (
				EF6512E1EC4283D60AA5FBAA /* [CP] Check Pods Manifest.lock */,
				BACDB0152355DE6E004746C2 /* Sources */,
				BACDB0162355DE6E004746C2 /* Frameworks */,
				BACDB0172355DE6E004746C2 /* Resources */,
			);
			buildRules = (
			);
			dependencies = (
				BACDB01B2355DE6E004746C2 /* PBXTargetDependency */,
			);
			name = CallVideoOneToOneVCTests;
			productName = CallVideoOneToOneVCTests;
			productReference = BACDB0192355DE6E004746C2 /* CallVideoOneToOneVCTests.xctest */;
			productType = "com.apple.product-type.bundle.unit-test";
		};
		BACDB0232355DE6E004746C2 /* CallVideoOneToOneVCUITests */ = {
			isa = PBXNativeTarget;
			buildConfigurationList = BACDB0332355DE6E004746C2 /* Build configuration list for PBXNativeTarget "CallVideoOneToOneVCUITests" */;
			buildPhases = (
				50DCD4F591D2068D475FACBC /* [CP] Check Pods Manifest.lock */,
				BACDB0202355DE6E004746C2 /* Sources */,
				BACDB0212355DE6E004746C2 /* Frameworks */,
				BACDB0222355DE6E004746C2 /* Resources */,
			);
			buildRules = (
			);
			dependencies = (
				BACDB0262355DE6E004746C2 /* PBXTargetDependency */,
			);
			name = CallVideoOneToOneVCUITests;
			productName = CallVideoOneToOneVCUITests;
			productReference = BACDB0242355DE6E004746C2 /* CallVideoOneToOneVCUITests.xctest */;
			productType = "com.apple.product-type.bundle.ui-testing";
		};
/* End PBXNativeTarget section */

/* Begin PBXProject section */
		BACDAFF92355DE6D004746C2 /* Project object */ = {
			isa = PBXProject;
			attributes = {
				LastUpgradeCheck = 1010;
				ORGANIZATIONNAME = "Vuong Toan Chung";
				TargetAttributes = {
					BACDB0002355DE6D004746C2 = {
						CreatedOnToolsVersion = 10.1;
					};
					BACDB0182355DE6E004746C2 = {
						CreatedOnToolsVersion = 10.1;
						TestTargetID = BACDB0002355DE6D004746C2;
					};
					BACDB0232355DE6E004746C2 = {
						CreatedOnToolsVersion = 10.1;
						TestTargetID = BACDB0002355DE6D004746C2;
					};
				};
			};
			buildConfigurationList = BACDAFFC2355DE6D004746C2 /* Build configuration list for PBXProject "CallVideoOneToOneVC" */;
			compatibilityVersion = "Xcode 9.3";
			developmentRegion = en;
			hasScannedForEncodings = 0;
			knownRegions = (
				en,
				Base,
			);
			mainGroup = BACDAFF82355DE6D004746C2;
			productRefGroup = BACDB0022355DE6D004746C2 /* Products */;
			projectDirPath = "";
			projectRoot = "";
			targets = (
				BACDB0002355DE6D004746C2 /* CallVideoOneToOneVC */,
				BACDB0182355DE6E004746C2 /* CallVideoOneToOneVCTests */,
				BACDB0232355DE6E004746C2 /* CallVideoOneToOneVCUITests */,
			);
		};
/* End PBXProject section */

/* Begin PBXResourcesBuildPhase section */
		BACDAFFF2355DE6D004746C2 /* Resources */ = {
			isa = PBXResourcesBuildPhase;
			buildActionMask = 2147483647;
			files = (
				BACDB0112355DE6E004746C2 /* LaunchScreen.storyboard in Resources */,
				BACDB00E2355DE6E004746C2 /* Assets.xcassets in Resources */,
				BAE393DC2355E10F0010764E /* outgoing_tone.mp3 in Resources */,
				BACDB00C2355DE6D004746C2 /* Main.storyboard in Resources */,
				BAE393D52355E10F0010764E /* MainViewController.xib in Resources */,
				BAE393DB2355E10F0010764E /* keypad_sound.mp3 in Resources */,
				BAE393EB2355E1350010764E /* CallPadViewController.xib in Resources */,
				BAE393DA2355E10F0010764E /* busy_signal.mp3 in Resources */,
				BAE394222355E8430010764E /* CallVideoOneToOneVC.podspec in Resources */,
				BAE393DD2355E10F0010764E /* end_call_tututu.caf in Resources */,
				BAE393E82355E1350010764E /* CallingViewController.xib in Resources */,
				BAE393DF2355E10F0010764E /* callring.wav in Resources */,
				BAE393DE2355E10F0010764E /* sencha_ios_7.mp3 in Resources */,
			);
			runOnlyForDeploymentPostprocessing = 0;
		};
		BACDB0172355DE6E004746C2 /* Resources */ = {
			isa = PBXResourcesBuildPhase;
			buildActionMask = 2147483647;
			files = (
			);
			runOnlyForDeploymentPostprocessing = 0;
		};
		BACDB0222355DE6E004746C2 /* Resources */ = {
			isa = PBXResourcesBuildPhase;
			buildActionMask = 2147483647;
			files = (
			);
			runOnlyForDeploymentPostprocessing = 0;
		};
/* End PBXResourcesBuildPhase section */

/* Begin PBXShellScriptBuildPhase section */
		1235101BB75A1ED9FE86E35C /* [CP] Check Pods Manifest.lock */ = {
			isa = PBXShellScriptBuildPhase;
			buildActionMask = 2147483647;
			files = (
			);
			inputFileListPaths = (
			);
			inputPaths = (
				"${PODS_PODFILE_DIR_PATH}/Podfile.lock",
				"${PODS_ROOT}/Manifest.lock",
			);
			name = "[CP] Check Pods Manifest.lock";
			outputFileListPaths = (
			);
			outputPaths = (
				"$(DERIVED_FILE_DIR)/Pods-CallVideoOneToOneVC-checkManifestLockResult.txt",
			);
			runOnlyForDeploymentPostprocessing = 0;
			shellPath = /bin/sh;
			shellScript = "diff \"${PODS_PODFILE_DIR_PATH}/Podfile.lock\" \"${PODS_ROOT}/Manifest.lock\" > /dev/null\nif [ $? != 0 ] ; then\n    # print error to STDERR\n    echo \"error: The sandbox is not in sync with the Podfile.lock. Run 'pod install' or update your CocoaPods installation.\" >&2\n    exit 1\nfi\n# This output is used by Xcode 'outputs' to avoid re-running this script phase.\necho \"SUCCESS\" > \"${SCRIPT_OUTPUT_FILE_0}\"\n";
			showEnvVarsInLog = 0;
		};
		50DCD4F591D2068D475FACBC /* [CP] Check Pods Manifest.lock */ = {
			isa = PBXShellScriptBuildPhase;
			buildActionMask = 2147483647;
			files = (
			);
			inputFileListPaths = (
			);
			inputPaths = (
				"${PODS_PODFILE_DIR_PATH}/Podfile.lock",
				"${PODS_ROOT}/Manifest.lock",
			);
			name = "[CP] Check Pods Manifest.lock";
			outputFileListPaths = (
			);
			outputPaths = (
				"$(DERIVED_FILE_DIR)/Pods-CallVideoOneToOneVCUITests-checkManifestLockResult.txt",
			);
			runOnlyForDeploymentPostprocessing = 0;
			shellPath = /bin/sh;
			shellScript = "diff \"${PODS_PODFILE_DIR_PATH}/Podfile.lock\" \"${PODS_ROOT}/Manifest.lock\" > /dev/null\nif [ $? != 0 ] ; then\n    # print error to STDERR\n    echo \"error: The sandbox is not in sync with the Podfile.lock. Run 'pod install' or update your CocoaPods installation.\" >&2\n    exit 1\nfi\n# This output is used by Xcode 'outputs' to avoid re-running this script phase.\necho \"SUCCESS\" > \"${SCRIPT_OUTPUT_FILE_0}\"\n";
			showEnvVarsInLog = 0;
		};
		EF6512E1EC4283D60AA5FBAA /* [CP] Check Pods Manifest.lock */ = {
			isa = PBXShellScriptBuildPhase;
			buildActionMask = 2147483647;
			files = (
			);
			inputFileListPaths = (
			);
			inputPaths = (
				"${PODS_PODFILE_DIR_PATH}/Podfile.lock",
				"${PODS_ROOT}/Manifest.lock",
			);
			name = "[CP] Check Pods Manifest.lock";
			outputFileListPaths = (
			);
			outputPaths = (
				"$(DERIVED_FILE_DIR)/Pods-CallVideoOneToOneVCTests-checkManifestLockResult.txt",
			);
			runOnlyForDeploymentPostprocessing = 0;
			shellPath = /bin/sh;
			shellScript = "diff \"${PODS_PODFILE_DIR_PATH}/Podfile.lock\" \"${PODS_ROOT}/Manifest.lock\" > /dev/null\nif [ $? != 0 ] ; then\n    # print error to STDERR\n    echo \"error: The sandbox is not in sync with the Podfile.lock. Run 'pod install' or update your CocoaPods installation.\" >&2\n    exit 1\nfi\n# This output is used by Xcode 'outputs' to avoid re-running this script phase.\necho \"SUCCESS\" > \"${SCRIPT_OUTPUT_FILE_0}\"\n";
			showEnvVarsInLog = 0;
		};
/* End PBXShellScriptBuildPhase section */

/* Begin PBXSourcesBuildPhase section */
		BACDAFFD2355DE6D004746C2 /* Sources */ = {
			isa = PBXSourcesBuildPhase;
			buildActionMask = 2147483647;
			files = (
				BACDB0092355DE6D004746C2 /* ViewController.m in Sources */,
				BAE393D72355E10F0010764E /* InstanceManager.m in Sources */,
				BACDB0142355DE6E004746C2 /* main.m in Sources */,
				BAE393E92355E1350010764E /* CallingViewController.m in Sources */,
				BACDB0062355DE6D004746C2 /* AppDelegate.m in Sources */,
				BAE393D92355E10F0010764E /* StringeeImplement.m in Sources */,
				BAE393EA2355E1350010764E /* CallPadViewController.m in Sources */,
				BAE393D82355E10F0010764E /* main.m in Sources */,
				BAE393D62355E10F0010764E /* MainViewController.m in Sources */,
			);
			runOnlyForDeploymentPostprocessing = 0;
		};
		BACDB0152355DE6E004746C2 /* Sources */ = {
			isa = PBXSourcesBuildPhase;
			buildActionMask = 2147483647;
			files = (
				BACDB01E2355DE6E004746C2 /* CallVideoOneToOneVCTests.m in Sources */,
			);
			runOnlyForDeploymentPostprocessing = 0;
		};
		BACDB0202355DE6E004746C2 /* Sources */ = {
			isa = PBXSourcesBuildPhase;
			buildActionMask = 2147483647;
			files = (
				BACDB0292355DE6E004746C2 /* CallVideoOneToOneVCUITests.m in Sources */,
			);
			runOnlyForDeploymentPostprocessing = 0;
		};
/* End PBXSourcesBuildPhase section */

/* Begin PBXTargetDependency section */
		BACDB01B2355DE6E004746C2 /* PBXTargetDependency */ = {
			isa = PBXTargetDependency;
			target = BACDB0002355DE6D004746C2 /* CallVideoOneToOneVC */;
			targetProxy = BACDB01A2355DE6E004746C2 /* PBXContainerItemProxy */;
		};
		BACDB0262355DE6E004746C2 /* PBXTargetDependency */ = {
			isa = PBXTargetDependency;
			target = BACDB0002355DE6D004746C2 /* CallVideoOneToOneVC */;
			targetProxy = BACDB0252355DE6E004746C2 /* PBXContainerItemProxy */;
		};
/* End PBXTargetDependency section */

/* Begin PBXVariantGroup section */
		BACDB00A2355DE6D004746C2 /* Main.storyboard */ = {
			isa = PBXVariantGroup;
			children = (
				BACDB00B2355DE6D004746C2 /* Base */,
			);
			name = Main.storyboard;
			sourceTree = "<group>";
		};
		BACDB00F2355DE6E004746C2 /* LaunchScreen.storyboard */ = {
			isa = PBXVariantGroup;
			children = (
				BACDB0102355DE6E004746C2 /* Base */,
			);
			name = LaunchScreen.storyboard;
			sourceTree = "<group>";
		};
/* End PBXVariantGroup section */

/* Begin XCBuildConfiguration section */
		BACDB02B2355DE6E004746C2 /* Debug */ = {
			isa = XCBuildConfiguration;
			buildSettings = {
				ALWAYS_SEARCH_USER_PATHS = NO;
				CLANG_ANALYZER_NONNULL = YES;
				CLANG_ANALYZER_NUMBER_OBJECT_CONVERSION = YES_AGGRESSIVE;
				CLANG_CXX_LANGUAGE_STANDARD = "gnu++14";
				CLANG_CXX_LIBRARY = "libc++";
				CLANG_ENABLE_MODULES = YES;
				CLANG_ENABLE_OBJC_ARC = YES;
				CLANG_ENABLE_OBJC_WEAK = YES;
				CLANG_WARN_BLOCK_CAPTURE_AUTORELEASING = YES;
				CLANG_WARN_BOOL_CONVERSION = YES;
				CLANG_WARN_COMMA = YES;
				CLANG_WARN_CONSTANT_CONVERSION = YES;
				CLANG_WARN_DEPRECATED_OBJC_IMPLEMENTATIONS = YES;
				CLANG_WARN_DIRECT_OBJC_ISA_USAGE = YES_ERROR;
				CLANG_WARN_DOCUMENTATION_COMMENTS = YES;
				CLANG_WARN_EMPTY_BODY = YES;
				CLANG_WARN_ENUM_CONVERSION = YES;
				CLANG_WARN_INFINITE_RECURSION = YES;
				CLANG_WARN_INT_CONVERSION = YES;
				CLANG_WARN_NON_LITERAL_NULL_CONVERSION = YES;
				CLANG_WARN_OBJC_IMPLICIT_RETAIN_SELF = YES;
				CLANG_WARN_OBJC_LITERAL_CONVERSION = YES;
				CLANG_WARN_OBJC_ROOT_CLASS = YES_ERROR;
				CLANG_WARN_RANGE_LOOP_ANALYSIS = YES;
				CLANG_WARN_STRICT_PROTOTYPES = YES;
				CLANG_WARN_SUSPICIOUS_MOVE = YES;
				CLANG_WARN_UNGUARDED_AVAILABILITY = YES_AGGRESSIVE;
				CLANG_WARN_UNREACHABLE_CODE = YES;
				CLANG_WARN__DUPLICATE_METHOD_MATCH = YES;
				CODE_SIGN_IDENTITY = "iPhone Developer";
				COPY_PHASE_STRIP = NO;
				DEBUG_INFORMATION_FORMAT = dwarf;
				ENABLE_STRICT_OBJC_MSGSEND = YES;
				ENABLE_TESTABILITY = YES;
				GCC_C_LANGUAGE_STANDARD = gnu11;
				GCC_DYNAMIC_NO_PIC = NO;
				GCC_NO_COMMON_BLOCKS = YES;
				GCC_OPTIMIZATION_LEVEL = 0;
				GCC_PREPROCESSOR_DEFINITIONS = (
					"DEBUG=1",
					"$(inherited)",
				);
				GCC_WARN_64_TO_32_BIT_CONVERSION = YES;
				GCC_WARN_ABOUT_RETURN_TYPE = YES_ERROR;
				GCC_WARN_UNDECLARED_SELECTOR = YES;
				GCC_WARN_UNINITIALIZED_AUTOS = YES_AGGRESSIVE;
				GCC_WARN_UNUSED_FUNCTION = YES;
				GCC_WARN_UNUSED_VARIABLE = YES;
				IPHONEOS_DEPLOYMENT_TARGET = 12.1;
				MTL_ENABLE_DEBUG_INFO = INCLUDE_SOURCE;
				MTL_FAST_MATH = YES;
				ONLY_ACTIVE_ARCH = YES;
				SDKROOT = iphoneos;
			};
			name = Debug;
		};
		BACDB02C2355DE6E004746C2 /* Release */ = {
			isa = XCBuildConfiguration;
			buildSettings = {
				ALWAYS_SEARCH_USER_PATHS = NO;
				CLANG_ANALYZER_NONNULL = YES;
				CLANG_ANALYZER_NUMBER_OBJECT_CONVERSION = YES_AGGRESSIVE;
				CLANG_CXX_LANGUAGE_STANDARD = "gnu++14";
				CLANG_CXX_LIBRARY = "libc++";
				CLANG_ENABLE_MODULES = YES;
				CLANG_ENABLE_OBJC_ARC = YES;
				CLANG_ENABLE_OBJC_WEAK = YES;
				CLANG_WARN_BLOCK_CAPTURE_AUTORELEASING = YES;
				CLANG_WARN_BOOL_CONVERSION = YES;
				CLANG_WARN_COMMA = YES;
				CLANG_WARN_CONSTANT_CONVERSION = YES;
				CLANG_WARN_DEPRECATED_OBJC_IMPLEMENTATIONS = YES;
				CLANG_WARN_DIRECT_OBJC_ISA_USAGE = YES_ERROR;
				CLANG_WARN_DOCUMENTATION_COMMENTS = YES;
				CLANG_WARN_EMPTY_BODY = YES;
				CLANG_WARN_ENUM_CONVERSION = YES;
				CLANG_WARN_INFINITE_RECURSION = YES;
				CLANG_WARN_INT_CONVERSION = YES;
				CLANG_WARN_NON_LITERAL_NULL_CONVERSION = YES;
				CLANG_WARN_OBJC_IMPLICIT_RETAIN_SELF = YES;
				CLANG_WARN_OBJC_LITERAL_CONVERSION = YES;
				CLANG_WARN_OBJC_ROOT_CLASS = YES_ERROR;
				CLANG_WARN_RANGE_LOOP_ANALYSIS = YES;
				CLANG_WARN_STRICT_PROTOTYPES = YES;
				CLANG_WARN_SUSPICIOUS_MOVE = YES;
				CLANG_WARN_UNGUARDED_AVAILABILITY = YES_AGGRESSIVE;
				CLANG_WARN_UNREACHABLE_CODE = YES;
				CLANG_WARN__DUPLICATE_METHOD_MATCH = YES;
				CODE_SIGN_IDENTITY = "iPhone Developer";
				COPY_PHASE_STRIP = NO;
				DEBUG_INFORMATION_FORMAT = "dwarf-with-dsym";
				ENABLE_NS_ASSERTIONS = NO;
				ENABLE_STRICT_OBJC_MSGSEND = YES;
				GCC_C_LANGUAGE_STANDARD = gnu11;
				GCC_NO_COMMON_BLOCKS = YES;
				GCC_WARN_64_TO_32_BIT_CONVERSION = YES;
				GCC_WARN_ABOUT_RETURN_TYPE = YES_ERROR;
				GCC_WARN_UNDECLARED_SELECTOR = YES;
				GCC_WARN_UNINITIALIZED_AUTOS = YES_AGGRESSIVE;
				GCC_WARN_UNUSED_FUNCTION = YES;
				GCC_WARN_UNUSED_VARIABLE = YES;
				IPHONEOS_DEPLOYMENT_TARGET = 12.1;
				MTL_ENABLE_DEBUG_INFO = NO;
				MTL_FAST_MATH = YES;
				SDKROOT = iphoneos;
				VALIDATE_PRODUCT = YES;
			};
			name = Release;
		};
		BACDB02E2355DE6E004746C2 /* Debug */ = {
			isa = XCBuildConfiguration;
			baseConfigurationReference = E8A2E3DD4A37AAADC8A8FE00 /* Pods-CallVideoOneToOneVC.debug.xcconfig */;
			buildSettings = {
				ASSETCATALOG_COMPILER_APPICON_NAME = AppIcon;
				CODE_SIGN_STYLE = Manual;
				DEVELOPMENT_TEAM = G587C45K67;
				ENABLE_BITCODE = NO;
				INFOPLIST_FILE = CallVideoOneToOneVC/Info.plist;
				IPHONEOS_DEPLOYMENT_TARGET = 10.0;
				LD_RUNPATH_SEARCH_PATHS = (
					"$(inherited)",
					"@executable_path/Frameworks",
				);
				PRODUCT_BUNDLE_IDENTIFIER = vn.vietcredit;
				PRODUCT_NAME = "$(TARGET_NAME)";
				PROVISIONING_PROFILE_SPECIFIER = "VietCredit Development";
				TARGETED_DEVICE_FAMILY = "1,2";
			};
			name = Debug;
		};
		BACDB02F2355DE6E004746C2 /* Release */ = {
			isa = XCBuildConfiguration;
			baseConfigurationReference = CFC28319D4329B26E4EF767F /* Pods-CallVideoOneToOneVC.release.xcconfig */;
			buildSettings = {
				ASSETCATALOG_COMPILER_APPICON_NAME = AppIcon;
				CODE_SIGN_STYLE = Manual;
				DEVELOPMENT_TEAM = G587C45K67;
				ENABLE_BITCODE = NO;
				INFOPLIST_FILE = CallVideoOneToOneVC/Info.plist;
				IPHONEOS_DEPLOYMENT_TARGET = 10.0;
				LD_RUNPATH_SEARCH_PATHS = (
					"$(inherited)",
					"@executable_path/Frameworks",
				);
				PRODUCT_BUNDLE_IDENTIFIER = vn.vietcredit;
				PRODUCT_NAME = "$(TARGET_NAME)";
				PROVISIONING_PROFILE_SPECIFIER = "VietCredit Development";
				TARGETED_DEVICE_FAMILY = "1,2";
			};
			name = Release;
		};
		BACDB0312355DE6E004746C2 /* Debug */ = {
			isa = XCBuildConfiguration;
			baseConfigurationReference = 5B92D891A6EA036A736E0952 /* Pods-CallVideoOneToOneVCTests.debug.xcconfig */;
			buildSettings = {
				BUNDLE_LOADER = "$(TEST_HOST)";
				CODE_SIGN_STYLE = Automatic;
				INFOPLIST_FILE = CallVideoOneToOneVCTests/Info.plist;
				LD_RUNPATH_SEARCH_PATHS = (
					"$(inherited)",
					"@executable_path/Frameworks",
					"@loader_path/Frameworks",
				);
				PRODUCT_BUNDLE_IDENTIFIER = None.CallVideoOneToOneVCTests;
				PRODUCT_NAME = "$(TARGET_NAME)";
				TARGETED_DEVICE_FAMILY = "1,2";
				TEST_HOST = "$(BUILT_PRODUCTS_DIR)/CallVideoOneToOneVC.app/CallVideoOneToOneVC";
			};
			name = Debug;
		};
		BACDB0322355DE6E004746C2 /* Release */ = {
			isa = XCBuildConfiguration;
			baseConfigurationReference = 97E1DE672F0F588845E3340E /* Pods-CallVideoOneToOneVCTests.release.xcconfig */;
			buildSettings = {
				BUNDLE_LOADER = "$(TEST_HOST)";
				CODE_SIGN_STYLE = Automatic;
				INFOPLIST_FILE = CallVideoOneToOneVCTests/Info.plist;
				LD_RUNPATH_SEARCH_PATHS = (
					"$(inherited)",
					"@executable_path/Frameworks",
					"@loader_path/Frameworks",
				);
				PRODUCT_BUNDLE_IDENTIFIER = None.CallVideoOneToOneVCTests;
				PRODUCT_NAME = "$(TARGET_NAME)";
				TARGETED_DEVICE_FAMILY = "1,2";
				TEST_HOST = "$(BUILT_PRODUCTS_DIR)/CallVideoOneToOneVC.app/CallVideoOneToOneVC";
			};
			name = Release;
		};
		BACDB0342355DE6E004746C2 /* Debug */ = {
			isa = XCBuildConfiguration;
			baseConfigurationReference = 704855022CCB4DA7E5697C68 /* Pods-CallVideoOneToOneVCUITests.debug.xcconfig */;
			buildSettings = {
				CODE_SIGN_STYLE = Automatic;
				INFOPLIST_FILE = CallVideoOneToOneVCUITests/Info.plist;
				LD_RUNPATH_SEARCH_PATHS = (
					"$(inherited)",
					"@executable_path/Frameworks",
					"@loader_path/Frameworks",
				);
				PRODUCT_BUNDLE_IDENTIFIER = None.CallVideoOneToOneVCUITests;
				PRODUCT_NAME = "$(TARGET_NAME)";
				TARGETED_DEVICE_FAMILY = "1,2";
				TEST_TARGET_NAME = CallVideoOneToOneVC;
			};
			name = Debug;
		};
		BACDB0352355DE6E004746C2 /* Release */ = {
			isa = XCBuildConfiguration;
			baseConfigurationReference = FBA05DD4988485A5BEA09045 /* Pods-CallVideoOneToOneVCUITests.release.xcconfig */;
			buildSettings = {
				CODE_SIGN_STYLE = Automatic;
				INFOPLIST_FILE = CallVideoOneToOneVCUITests/Info.plist;
				LD_RUNPATH_SEARCH_PATHS = (
					"$(inherited)",
					"@executable_path/Frameworks",
					"@loader_path/Frameworks",
				);
				PRODUCT_BUNDLE_IDENTIFIER = None.CallVideoOneToOneVCUITests;
				PRODUCT_NAME = "$(TARGET_NAME)";
				TARGETED_DEVICE_FAMILY = "1,2";
				TEST_TARGET_NAME = CallVideoOneToOneVC;
			};
			name = Release;
		};
/* End XCBuildConfiguration section */

/* Begin XCConfigurationList section */
		BACDAFFC2355DE6D004746C2 /* Build configuration list for PBXProject "CallVideoOneToOneVC" */ = {
			isa = XCConfigurationList;
			buildConfigurations = (
				BACDB02B2355DE6E004746C2 /* Debug */,
				BACDB02C2355DE6E004746C2 /* Release */,
			);
			defaultConfigurationIsVisible = 0;
			defaultConfigurationName = Release;
		};
		BACDB02D2355DE6E004746C2 /* Build configuration list for PBXNativeTarget "CallVideoOneToOneVC" */ = {
			isa = XCConfigurationList;
			buildConfigurations = (
				BACDB02E2355DE6E004746C2 /* Debug */,
				BACDB02F2355DE6E004746C2 /* Release */,
			);
			defaultConfigurationIsVisible = 0;
			defaultConfigurationName = Release;
		};
		BACDB0302355DE6E004746C2 /* Build configuration list for PBXNativeTarget "CallVideoOneToOneVCTests" */ = {
			isa = XCConfigurationList;
			buildConfigurations = (
				BACDB0312355DE6E004746C2 /* Debug */,
				BACDB0322355DE6E004746C2 /* Release */,
			);
			defaultConfigurationIsVisible = 0;
			defaultConfigurationName = Release;
		};
		BACDB0332355DE6E004746C2 /* Build configuration list for PBXNativeTarget "CallVideoOneToOneVCUITests" */ = {
			isa = XCConfigurationList;
			buildConfigurations = (
				BACDB0342355DE6E004746C2 /* Debug */,
				BACDB0352355DE6E004746C2 /* Release */,
			);
			defaultConfigurationIsVisible = 0;
			defaultConfigurationName = Release;
		};
/* End XCConfigurationList section */
	};
	rootObject = BACDAFF92355DE6D004746C2 /* Project object */;
}
